
Microsoft Visual Studio Solution File, Format Version 12.00
# Visual Studio 15
VisualStudioVersion = 15.0.27130.2024
MinimumVisualStudioVersion = 10.0.40219.1
Project("{FAE04EC0-301F-11D3-BF4B-00C04F79EFBC}") = "VinculacionBackend", "VinculacionBackend\VinculacionBackend.csproj", "{6AA7E22D-3799-416B-A2A8-DBFD75E1FD12}"
EndProject
Project("{FAE04EC0-301F-11D3-BF4B-00C04F79EFBC}") = "VinculacionBackend.Data", "VinculacionBackend.Data\VinculacionBackend.Data.csproj", "{B0B0C837-EBA0-40BB-927F-3F857733C03A}"
EndProject
Project("{FAE04EC0-301F-11D3-BF4B-00C04F79EFBC}") = "VinculacionBackend.Security", "VinculacionBackend.Security\VinculacionBackend.Security.csproj", "{AE6E75C5-1047-44E7-9EE9-1033355129FB}"
EndProject
Project("{FAE04EC0-301F-11D3-BF4B-00C04F79EFBC}") = "VinculacionBackend.Specs", "VinculacionBackend.Specs\VinculacionBackend.Specs.csproj", "{09660DDC-DE0D-4EE5-90A4-388DF85316BE}"
EndProject
Global
	GlobalSection(SolutionConfigurationPlatforms) = preSolution
		Debug|Any CPU = Debug|Any CPU
		Release|Any CPU = Release|Any CPU
	EndGlobalSection
	GlobalSection(ProjectConfigurationPlatforms) = postSolution
		{6AA7E22D-3799-416B-A2A8-DBFD75E1FD12}.Debug|Any CPU.ActiveCfg = Debug|Any CPU
		{6AA7E22D-3799-416B-A2A8-DBFD75E1FD12}.Debug|Any CPU.Build.0 = Debug|Any CPU
		{6AA7E22D-3799-416B-A2A8-DBFD75E1FD12}.Release|Any CPU.ActiveCfg = Release|Any CPU
		{6AA7E22D-3799-416B-A2A8-DBFD75E1FD12}.Release|Any CPU.Build.0 = Release|Any CPU
		{B0B0C837-EBA0-40BB-927F-3F857733C03A}.Debug|Any CPU.ActiveCfg = Debug|Any CPU
		{B0B0C837-EBA0-40BB-927F-3F857733C03A}.Debug|Any CPU.Build.0 = Debug|Any CPU
		{B0B0C837-EBA0-40BB-927F-3F857733C03A}.Release|Any CPU.ActiveCfg = Release|Any CPU
		{B0B0C837-EBA0-40BB-927F-3F857733C03A}.Release|Any CPU.Build.0 = Release|Any CPU
		{AE6E75C5-1047-44E7-9EE9-1033355129FB}.Debug|Any CPU.ActiveCfg = Debug|Any CPU
		{AE6E75C5-1047-44E7-9EE9-1033355129FB}.Debug|Any CPU.Build.0 = Debug|Any CPU
		{AE6E75C5-1047-44E7-9EE9-1033355129FB}.Release|Any CPU.ActiveCfg = Release|Any CPU
		{AE6E75C5-1047-44E7-9EE9-1033355129FB}.Release|Any CPU.Build.0 = Release|Any CPU
		{09660DDC-DE0D-4EE5-90A4-388DF85316BE}.Debug|Any CPU.ActiveCfg = Debug|Any CPU
		{09660DDC-DE0D-4EE5-90A4-388DF85316BE}.Debug|Any CPU.Build.0 = Debug|Any CPU
		{09660DDC-DE0D-4EE5-90A4-388DF85316BE}.Release|Any CPU.ActiveCfg = Release|Any CPU
		{09660DDC-DE0D-4EE5-90A4-388DF85316BE}.Release|Any CPU.Build.0 = Release|Any CPU
	EndGlobalSection
	GlobalSection(SolutionProperties) = preSolution
		HideSolutionNode = FALSE
	EndGlobalSection
	GlobalSection(ExtensibilityGlobals) = postSolution
		SolutionGuid = {E372553F-65D7-470F-8175-F01CF28DAF97}
	EndGlobalSection
EndGlobal
